
Microsoft Visual Studio Solution File, Format Version 12.00
# Visual Studio 14
VisualStudioVersion = 14.0.25420.1
MinimumVisualStudioVersion = 10.0.40219.1
Project("{FAE04EC0-301F-11D3-BF4B-00C04F79EFBC}") = "GigHub", "GigHub\GigHub.csproj", "{B153E404-B162-45C9-AD30-39E2175584BA}"
EndProject
Project("{FAE04EC0-301F-11D3-BF4B-00C04F79EFBC}") = "GigHub.Tests", "GigHub.Tests\GigHub.Tests.csproj", "{E8CEAF21-7F36-477A-9E4B-4F2E4D12C9A9}"
EndProject
Global
	GlobalSection(SolutionConfigurationPlatforms) = preSolution
		Debug|Any CPU = Debug|Any CPU
		Release|Any CPU = Release|Any CPU
	EndGlobalSection
	GlobalSection(ProjectConfigurationPlatforms) = postSolution
		{B153E404-B162-45C9-AD30-39E2175584BA}.Debug|Any CPU.ActiveCfg = Debug|Any CPU
		{B153E404-B162-45C9-AD30-39E2175584BA}.Debug|Any CPU.Build.0 = Debug|Any CPU
		{B153E404-B162-45C9-AD30-39E2175584BA}.Release|Any CPU.ActiveCfg = Release|Any CPU
		{B153E404-B162-45C9-AD30-39E2175584BA}.Release|Any CPU.Build.0 = Release|Any CPU
		{E8CEAF21-7F36-477A-9E4B-4F2E4D12C9A9}.Debug|Any CPU.ActiveCfg = Debug|Any CPU
		{E8CEAF21-7F36-477A-9E4B-4F2E4D12C9A9}.Debug|Any CPU.Build.0 = Debug|Any CPU
		{E8CEAF21-7F36-477A-9E4B-4F2E4D12C9A9}.Release|Any CPU.ActiveCfg = Release|Any CPU
		{E8CEAF21-7F36-477A-9E4B-4F2E4D12C9A9}.Release|Any CPU.Build.0 = Release|Any CPU
	EndGlobalSection
	GlobalSection(SolutionProperties) = preSolution
		HideSolutionNode = FALSE
	EndGlobalSection
EndGlobal
